
Microsoft Visual Studio Solution File, Format Version 12.00
# Visual Studio 15
VisualStudioVersion = 15.0.28010.2016
MinimumVisualStudioVersion = 10.0.40219.1
Project("{9A19103F-16F7-4668-BE54-9A1E7A4F7556}") = "Frends.File", "Frends.File\Frends.File.csproj", "{1F1CE076-186C-4746-80EA-274755B31644}"
EndProject
Project("{FAE04EC0-301F-11D3-BF4B-00C04F79EFBC}") = "Frends.File.Tests", "Frends.File.Tests\Frends.File.Tests.csproj", "{DB612D87-E879-4238-90A3-F2942FEA7F31}"
EndProject
Global
	GlobalSection(SolutionConfigurationPlatforms) = preSolution
		Debug|Any CPU = Debug|Any CPU
		Release|Any CPU = Release|Any CPU
	EndGlobalSection
	GlobalSection(ProjectConfigurationPlatforms) = postSolution
		{1F1CE076-186C-4746-80EA-274755B31644}.Debug|Any CPU.ActiveCfg = Debug|Any CPU
		{1F1CE076-186C-4746-80EA-274755B31644}.Debug|Any CPU.Build.0 = Debug|Any CPU
		{1F1CE076-186C-4746-80EA-274755B31644}.Release|Any CPU.ActiveCfg = Release|Any CPU
		{1F1CE076-186C-4746-80EA-274755B31644}.Release|Any CPU.Build.0 = Release|Any CPU
		{DB612D87-E879-4238-90A3-F2942FEA7F31}.Debug|Any CPU.ActiveCfg = Debug|Any CPU
		{DB612D87-E879-4238-90A3-F2942FEA7F31}.Debug|Any CPU.Build.0 = Debug|Any CPU
		{DB612D87-E879-4238-90A3-F2942FEA7F31}.Release|Any CPU.ActiveCfg = Release|Any CPU
		{DB612D87-E879-4238-90A3-F2942FEA7F31}.Release|Any CPU.Build.0 = Release|Any CPU
	EndGlobalSection
	GlobalSection(SolutionProperties) = preSolution
		HideSolutionNode = FALSE
	EndGlobalSection
	GlobalSection(ExtensibilityGlobals) = postSolution
		SolutionGuid = {B6692967-FEF8-4C7D-A82F-9900A4F24306}
	EndGlobalSection
EndGlobal
